
Microsoft Visual Studio Solution File, Format Version 12.00
# Visual Studio Version 17
VisualStudioVersion = 17.9.34622.214
MinimumVisualStudioVersion = 10.0.40219.1
Project("{9A19103F-16F7-4668-BE54-9A1E7A4F7556}") = "kahdeg_localmodloader", "kahdeg_localmodloader\kahdeg_localmodloader.csproj", "{4BA3EA63-E29A-4194-B716-5904903266CB}"
EndProject
Global
	GlobalSection(SolutionConfigurationPlatforms) = preSolution
		Debug|Any CPU = Debug|Any CPU
		Release|Any CPU = Release|Any CPU
	EndGlobalSection
	GlobalSection(ProjectConfigurationPlatforms) = postSolution
		{4BA3EA63-E29A-4194-B716-5904903266CB}.Debug|Any CPU.ActiveCfg = Debug|Any CPU
		{4BA3EA63-E29A-4194-B716-5904903266CB}.Debug|Any CPU.Build.0 = Debug|Any CPU
		{4BA3EA63-E29A-4194-B716-5904903266CB}.Release|Any CPU.ActiveCfg = Release|Any CPU
		{4BA3EA63-E29A-4194-B716-5904903266CB}.Release|Any CPU.Build.0 = Release|Any CPU
	EndGlobalSection
	GlobalSection(SolutionProperties) = preSolution
		HideSolutionNode = FALSE
	EndGlobalSection
	GlobalSection(ExtensibilityGlobals) = postSolution
		SolutionGuid = {A437ED7D-2B8B-4739-BFBC-B43228F8B9DE}
	EndGlobalSection
EndGlobal
